
Microsoft Visual Studio Solution File, Format Version 12.00
# Visual Studio Version 17
VisualStudioVersion = 17.3.32804.467
MinimumVisualStudioVersion = 10.0.40219.1
Project("{FAE04EC0-301F-11D3-BF4B-00C04F79EFBC}") = "Assignment_1", "Assignment_1\Assignment_1.csproj", "{F430AF2B-88F9-4D34-A7E5-98C49A8B5FB8}"
EndProject
Project("{FAE04EC0-301F-11D3-BF4B-00C04F79EFBC}") = "Assignment_2", "Assignment_2\Assignment_2.csproj", "{5BF5922D-803A-4E2B-9CD9-4CA2451D1BEF}"
EndProject
Global
	GlobalSection(SolutionConfigurationPlatforms) = preSolution
		Debug|Any CPU = Debug|Any CPU
		Release|Any CPU = Release|Any CPU
	EndGlobalSection
	GlobalSection(ProjectConfigurationPlatforms) = postSolution
		{F430AF2B-88F9-4D34-A7E5-98C49A8B5FB8}.Debug|Any CPU.ActiveCfg = Debug|Any CPU
		{F430AF2B-88F9-4D34-A7E5-98C49A8B5FB8}.Debug|Any CPU.Build.0 = Debug|Any CPU
		{F430AF2B-88F9-4D34-A7E5-98C49A8B5FB8}.Release|Any CPU.ActiveCfg = Release|Any CPU
		{F430AF2B-88F9-4D34-A7E5-98C49A8B5FB8}.Release|Any CPU.Build.0 = Release|Any CPU
		{5BF5922D-803A-4E2B-9CD9-4CA2451D1BEF}.Debug|Any CPU.ActiveCfg = Debug|Any CPU
		{5BF5922D-803A-4E2B-9CD9-4CA2451D1BEF}.Debug|Any CPU.Build.0 = Debug|Any CPU
		{5BF5922D-803A-4E2B-9CD9-4CA2451D1BEF}.Release|Any CPU.ActiveCfg = Release|Any CPU
		{5BF5922D-803A-4E2B-9CD9-4CA2451D1BEF}.Release|Any CPU.Build.0 = Release|Any CPU
	EndGlobalSection
	GlobalSection(SolutionProperties) = preSolution
		HideSolutionNode = FALSE
	EndGlobalSection
	GlobalSection(ExtensibilityGlobals) = postSolution
		SolutionGuid = {4CF14EFC-507A-44D6-B542-F8ACCF647C5B}
	EndGlobalSection
EndGlobal
